// !$*UTF8*$!
{
	archiveVersion = 1;
	classes = {
	};
	objectVersion = 50;
	objects = {

/* Begin PBXBuildFile section */
		23B02DB126EA7D42002B9491 /* AppDelegate.swift in Sources */ = {isa = PBXBuildFile; fileRef = 23B02DB026EA7D42002B9491 /* AppDelegate.swift */; };
		23B02DB326EA7D42002B9491 /* SceneDelegate.swift in Sources */ = {isa = PBXBuildFile; fileRef = 23B02DB226EA7D42002B9491 /* SceneDelegate.swift */; };
		23B02DB526EA7D42002B9491 /* ViewController.swift in Sources */ = {isa = PBXBuildFile; fileRef = 23B02DB426EA7D42002B9491 /* ViewController.swift */; };
		23B02DB826EA7D42002B9491 /* Main.storyboard in Resources */ = {isa = PBXBuildFile; fileRef = 23B02DB626EA7D42002B9491 /* Main.storyboard */; };
		23B02DBA26EA7D43002B9491 /* Assets.xcassets in Resources */ = {isa = PBXBuildFile; fileRef = 23B02DB926EA7D43002B9491 /* Assets.xcassets */; };
		23B02DBD26EA7D43002B9491 /* LaunchScreen.storyboard in Resources */ = {isa = PBXBuildFile; fileRef = 23B02DBB26EA7D43002B9491 /* LaunchScreen.storyboard */; };
		23B02DC826EA7D43002B9491 /* Exercise_1Tests.swift in Sources */ = {isa = PBXBuildFile; fileRef = 23B02DC726EA7D43002B9491 /* Exercise_1Tests.swift */; };
		23B02DD326EA7D43002B9491 /* Exercise_1UITests.swift in Sources */ = {isa = PBXBuildFile; fileRef = 23B02DD226EA7D43002B9491 /* Exercise_1UITests.swift */; };
/* End PBXBuildFile section */

/* Begin PBXContainerItemProxy section */
		23B02DC426EA7D43002B9491 /* PBXContainerItemProxy */ = {
			isa = PBXContainerItemProxy;
			containerPortal = 23B02DA526EA7D42002B9491 /* Project object */;
			proxyType = 1;
			remoteGlobalIDString = 23B02DAC26EA7D42002B9491;
			remoteInfo = "Exercise 1";
		};
		23B02DCF26EA7D43002B9491 /* PBXContainerItemProxy */ = {
			isa = PBXContainerItemProxy;
			containerPortal = 23B02DA526EA7D42002B9491 /* Project object */;
			proxyType = 1;
			remoteGlobalIDString = 23B02DAC26EA7D42002B9491;
			remoteInfo = "Exercise 1";
		};
/* End PBXContainerItemProxy section */

/* Begin PBXFileReference section */
		23B02DAD26EA7D42002B9491 /* Exercise 1.app */ = {isa = PBXFileReference; explicitFileType = wrapper.application; includeInIndex = 0; path = "Exercise 1.app"; sourceTree = BUILT_PRODUCTS_DIR; };
		23B02DB026EA7D42002B9491 /* AppDelegate.swift */ = {isa = PBXFileReference; lastKnownFileType = sourcecode.swift; path = AppDelegate.swift; sourceTree = "<group>"; };
		23B02DB226EA7D42002B9491 /* SceneDelegate.swift */ = {isa = PBXFileReference; lastKnownFileType = sourcecode.swift; path = SceneDelegate.swift; sourceTree = "<group>"; };
		23B02DB426EA7D42002B9491 /* ViewController.swift */ = {isa = PBXFileReference; lastKnownFileType = sourcecode.swift; path = ViewController.swift; sourceTree = "<group>"; };
		23B02DB726EA7D42002B9491 /* Base */ = {isa = PBXFileReference; lastKnownFileType = file.storyboard; name = Base; path = Base.lproj/Main.storyboard; sourceTree = "<group>"; };
		23B02DB926EA7D43002B9491 /* Assets.xcassets */ = {isa = PBXFileReference; lastKnownFileType = folder.assetcatalog; path = Assets.xcassets; sourceTree = "<group>"; };
		23B02DBC26EA7D43002B9491 /* Base */ = {isa = PBXFileReference; lastKnownFileType = file.storyboard; name = Base; path = Base.lproj/LaunchScreen.storyboard; sourceTree = "<group>"; };
		23B02DBE26EA7D43002B9491 /* Info.plist */ = {isa = PBXFileReference; lastKnownFileType = text.plist.xml; path = Info.plist; sourceTree = "<group>"; };
		23B02DC326EA7D43002B9491 /* Exercise 1Tests.xctest */ = {isa = PBXFileReference; explicitFileType = wrapper.cfbundle; includeInIndex = 0; path = "Exercise 1Tests.xctest"; sourceTree = BUILT_PRODUCTS_DIR; };
		23B02DC726EA7D43002B9491 /* Exercise_1Tests.swift */ = {isa = PBXFileReference; lastKnownFileType = sourcecode.swift; path = Exercise_1Tests.swift; sourceTree = "<group>"; };
		23B02DC926EA7D43002B9491 /* Info.plist */ = {isa = PBXFileReference; lastKnownFileType = text.plist.xml; path = Info.plist; sourceTree = "<group>"; };
		23B02DCE26EA7D43002B9491 /* Exercise 1UITests.xctest */ = {isa = PBXFileReference; explicitFileType = wrapper.cfbundle; includeInIndex = 0; path = "Exercise 1UITests.xctest"; sourceTree = BUILT_PRODUCTS_DIR; };
		23B02DD226EA7D43002B9491 /* Exercise_1UITests.swift */ = {isa = PBXFileReference; lastKnownFileType = sourcecode.swift; path = Exercise_1UITests.swift; sourceTree = "<group>"; };
		23B02DD426EA7D43002B9491 /* Info.plist */ = {isa = PBXFileReference; lastKnownFileType = text.plist.xml; path = Info.plist; sourceTree = "<group>"; };
/* End PBXFileReference section */

/* Begin PBXFrameworksBuildPhase section */
		23B02DAA26EA7D42002B9491 /* Frameworks */ = {
			isa = PBXFrameworksBuildPhase;
			buildActionMask = 2147483647;
			files = (
			);
			runOnlyForDeploymentPostprocessing = 0;
		};
		23B02DC026EA7D43002B9491 /* Frameworks */ = {
			isa = PBXFrameworksBuildPhase;
			buildActionMask = 2147483647;
			files = (
			);
			runOnlyForDeploymentPostprocessing = 0;
		};
		23B02DCB26EA7D43002B9491 /* Frameworks */ = {
			isa = PBXFrameworksBuildPhase;
			buildActionMask = 2147483647;
			files = (
			);
			runOnlyForDeploymentPostprocessing = 0;
		};
/* End PBXFrameworksBuildPhase section */

/* Begin PBXGroup section */
		23B02DA426EA7D42002B9491 = {
			isa = PBXGroup;
			children = (
				23B02DAF26EA7D42002B9491 /* Exercise 1 */,
				23B02DC626EA7D43002B9491 /* Exercise 1Tests */,
				23B02DD126EA7D43002B9491 /* Exercise 1UITests */,
				23B02DAE26EA7D42002B9491 /* Products */,
			);
			sourceTree = "<group>";
		};
		23B02DAE26EA7D42002B9491 /* Products */ = {
			isa = PBXGroup;
			children = (
				23B02DAD26EA7D42002B9491 /* Exercise 1.app */,
				23B02DC326EA7D43002B9491 /* Exercise 1Tests.xctest */,
				23B02DCE26EA7D43002B9491 /* Exercise 1UITests.xctest */,
			);
			name = Products;
			sourceTree = "<group>";
		};
		23B02DAF26EA7D42002B9491 /* Exercise 1 */ = {
			isa = PBXGroup;
			children = (
				23B02DB026EA7D42002B9491 /* AppDelegate.swift */,
				23B02DB226EA7D42002B9491 /* SceneDelegate.swift */,
				23B02DB426EA7D42002B9491 /* ViewController.swift */,
				23B02DB626EA7D42002B9491 /* Main.storyboard */,
				23B02DB926EA7D43002B9491 /* Assets.xcassets */,
				23B02DBB26EA7D43002B9491 /* LaunchScreen.storyboard */,
				23B02DBE26EA7D43002B9491 /* Info.plist */,
			);
			path = "Exercise 1";
			sourceTree = "<group>";
		};
		23B02DC626EA7D43002B9491 /* Exercise 1Tests */ = {
			isa = PBXGroup;
			children = (
				23B02DC726EA7D43002B9491 /* Exercise_1Tests.swift */,
				23B02DC926EA7D43002B9491 /* Info.plist */,
			);
			path = "Exercise 1Tests";
			sourceTree = "<group>";
		};
		23B02DD126EA7D43002B9491 /* Exercise 1UITests */ = {
			isa = PBXGroup;
			children = (
				23B02DD226EA7D43002B9491 /* Exercise_1UITests.swift */,
				23B02DD426EA7D43002B9491 /* Info.plist */,
			);
			path = "Exercise 1UITests";
			sourceTree = "<group>";
		};
/* End PBXGroup section */

/* Begin PBXNativeTarget section */
		23B02DAC26EA7D42002B9491 /* Exercise 1 */ = {
			isa = PBXNativeTarget;
			buildConfigurationList = 23B02DD726EA7D43002B9491 /* Build configuration list for PBXNativeTarget "Exercise 1" */;
			buildPhases = (
				23B02DA926EA7D42002B9491 /* Sources */,
				23B02DAA26EA7D42002B9491 /* Frameworks */,
				23B02DAB26EA7D42002B9491 /* Resources */,
			);
			buildRules = (
			);
			dependencies = (
			);
			name = "Exercise 1";
			productName = "Exercise 1";
			productReference = 23B02DAD26EA7D42002B9491 /* Exercise 1.app */;
			productType = "com.apple.product-type.application";
		};
		23B02DC226EA7D43002B9491 /* Exercise 1Tests */ = {
			isa = PBXNativeTarget;
			buildConfigurationList = 23B02DDA26EA7D43002B9491 /* Build configuration list for PBXNativeTarget "Exercise 1Tests" */;
			buildPhases = (
				23B02DBF26EA7D43002B9491 /* Sources */,
				23B02DC026EA7D43002B9491 /* Frameworks */,
				23B02DC126EA7D43002B9491 /* Resources */,
			);
			buildRules = (
			);
			dependencies = (
				23B02DC526EA7D43002B9491 /* PBXTargetDependency */,
			);
			name = "Exercise 1Tests";
			productName = "Exercise 1Tests";
			productReference = 23B02DC326EA7D43002B9491 /* Exercise 1Tests.xctest */;
			productType = "com.apple.product-type.bundle.unit-test";
		};
		23B02DCD26EA7D43002B9491 /* Exercise 1UITests */ = {
			isa = PBXNativeTarget;
			buildConfigurationList = 23B02DDD26EA7D43002B9491 /* Build configuration list for PBXNativeTarget "Exercise 1UITests" */;
			buildPhases = (
				23B02DCA26EA7D43002B9491 /* Sources */,
				23B02DCB26EA7D43002B9491 /* Frameworks */,
				23B02DCC26EA7D43002B9491 /* Resources */,
			);
			buildRules = (
			);
			dependencies = (
				23B02DD026EA7D43002B9491 /* PBXTargetDependency */,
			);
			name = "Exercise 1UITests";
			productName = "Exercise 1UITests";
			productReference = 23B02DCE26EA7D43002B9491 /* Exercise 1UITests.xctest */;
			productType = "com.apple.product-type.bundle.ui-testing";
		};
/* End PBXNativeTarget section */

/* Begin PBXProject section */
		23B02DA526EA7D42002B9491 /* Project object */ = {
			isa = PBXProject;
			attributes = {
				LastSwiftUpdateCheck = 1250;
				LastUpgradeCheck = 1250;
				TargetAttributes = {
					23B02DAC26EA7D42002B9491 = {
						CreatedOnToolsVersion = 12.5.1;
					};
					23B02DC226EA7D43002B9491 = {
						CreatedOnToolsVersion = 12.5.1;
						TestTargetID = 23B02DAC26EA7D42002B9491;
					};
					23B02DCD26EA7D43002B9491 = {
						CreatedOnToolsVersion = 12.5.1;
						TestTargetID = 23B02DAC26EA7D42002B9491;
					};
				};
			};
			buildConfigurationList = 23B02DA826EA7D42002B9491 /* Build configuration list for PBXProject "Exercise 1" */;
			compatibilityVersion = "Xcode 9.3";
			developmentRegion = en;
			hasScannedForEncodings = 0;
			knownRegions = (
				en,
				Base,
			);
			mainGroup = 23B02DA426EA7D42002B9491;
			productRefGroup = 23B02DAE26EA7D42002B9491 /* Products */;
			projectDirPath = "";
			projectRoot = "";
			targets = (
				23B02DAC26EA7D42002B9491 /* Exercise 1 */,
				23B02DC226EA7D43002B9491 /* Exercise 1Tests */,
				23B02DCD26EA7D43002B9491 /* Exercise 1UITests */,
			);
		};
/* End PBXProject section */

/* Begin PBXResourcesBuildPhase section */
		23B02DAB26EA7D42002B9491 /* Resources */ = {
			isa = PBXResourcesBuildPhase;
			buildActionMask = 2147483647;
			files = (
				23B02DBD26EA7D43002B9491 /* LaunchScreen.storyboard in Resources */,
				23B02DBA26EA7D43002B9491 /* Assets.xcassets in Resources */,
				23B02DB826EA7D42002B9491 /* Main.storyboard in Resources */,
			);
			runOnlyForDeploymentPostprocessing = 0;
		};
		23B02DC126EA7D43002B9491 /* Resources */ = {
			isa = PBXResourcesBuildPhase;
			buildActionMask = 2147483647;
			files = (
			);
			runOnlyForDeploymentPostprocessing = 0;
		};
		23B02DCC26EA7D43002B9491 /* Resources */ = {
			isa = PBXResourcesBuildPhase;
			buildActionMask = 2147483647;
			files = (
			);
			runOnlyForDeploymentPostprocessing = 0;
		};
/* End PBXResourcesBuildPhase section */

/* Begin PBXSourcesBuildPhase section */
		23B02DA926EA7D42002B9491 /* Sources */ = {
			isa = PBXSourcesBuildPhase;
			buildActionMask = 2147483647;
			files = (
				23B02DB526EA7D42002B9491 /* ViewController.swift in Sources */,
				23B02DB126EA7D42002B9491 /* AppDelegate.swift in Sources */,
				23B02DB326EA7D42002B9491 /* SceneDelegate.swift in Sources */,
			);
			runOnlyForDeploymentPostprocessing = 0;
		};
		23B02DBF26EA7D43002B9491 /* Sources */ = {
			isa = PBXSourcesBuildPhase;
			buildActionMask = 2147483647;
			files = (
				23B02DC826EA7D43002B9491 /* Exercise_1Tests.swift in Sources */,
			);
			runOnlyForDeploymentPostprocessing = 0;
		};
		23B02DCA26EA7D43002B9491 /* Sources */ = {
			isa = PBXSourcesBuildPhase;
			buildActionMask = 2147483647;
			files = (
				23B02DD326EA7D43002B9491 /* Exercise_1UITests.swift in Sources */,
			);
			runOnlyForDeploymentPostprocessing = 0;
		};
/* End PBXSourcesBuildPhase section */

/* Begin PBXTargetDependency section */
		23B02DC526EA7D43002B9491 /* PBXTargetDependency */ = {
			isa = PBXTargetDependency;
			target = 23B02DAC26EA7D42002B9491 /* Exercise 1 */;
			targetProxy = 23B02DC426EA7D43002B9491 /* PBXContainerItemProxy */;
		};
		23B02DD026EA7D43002B9491 /* PBXTargetDependency */ = {
			isa = PBXTargetDependency;
			target = 23B02DAC26EA7D42002B9491 /* Exercise 1 */;
			targetProxy = 23B02DCF26EA7D43002B9491 /* PBXContainerItemProxy */;
		};
/* End PBXTargetDependency section */

/* Begin PBXVariantGroup section */
		23B02DB626EA7D42002B9491 /* Main.storyboard */ = {
			isa = PBXVariantGroup;
			children = (
				23B02DB726EA7D42002B9491 /* Base */,
			);
			name = Main.storyboard;
			sourceTree = "<group>";
		};
		23B02DBB26EA7D43002B9491 /* LaunchScreen.storyboard */ = {
			isa = PBXVariantGroup;
			children = (
				23B02DBC26EA7D43002B9491 /* Base */,
			);
			name = LaunchScreen.storyboard;
			sourceTree = "<group>";
		};
/* End PBXVariantGroup section */

/* Begin XCBuildConfiguration section */
		23B02DD526EA7D43002B9491 /* Debug */ = {
			isa = XCBuildConfiguration;
			buildSettings = {
				ALWAYS_SEARCH_USER_PATHS = NO;
				CLANG_ANALYZER_NONNULL = YES;
				CLANG_ANALYZER_NUMBER_OBJECT_CONVERSION = YES_AGGRESSIVE;
				CLANG_CXX_LANGUAGE_STANDARD = "gnu++14";
				CLANG_CXX_LIBRARY = "libc++";
				CLANG_ENABLE_MODULES = YES;
				CLANG_ENABLE_OBJC_ARC = YES;
				CLANG_ENABLE_OBJC_WEAK = YES;
				CLANG_WARN_BLOCK_CAPTURE_AUTORELEASING = YES;
				CLANG_WARN_BOOL_CONVERSION = YES;
				CLANG_WARN_COMMA = YES;
				CLANG_WARN_CONSTANT_CONVERSION = YES;
				CLANG_WARN_DEPRECATED_OBJC_IMPLEMENTATIONS = YES;
				CLANG_WARN_DIRECT_OBJC_ISA_USAGE = YES_ERROR;
				CLANG_WARN_DOCUMENTATION_COMMENTS = YES;
				CLANG_WARN_EMPTY_BODY = YES;
				CLANG_WARN_ENUM_CONVERSION = YES;
				CLANG_WARN_INFINITE_RECURSION = YES;
				CLANG_WARN_INT_CONVERSION = YES;
				CLANG_WARN_NON_LITERAL_NULL_CONVERSION = YES;
				CLANG_WARN_OBJC_IMPLICIT_RETAIN_SELF = YES;
				CLANG_WARN_OBJC_LITERAL_CONVERSION = YES;
				CLANG_WARN_OBJC_ROOT_CLASS = YES_ERROR;
				CLANG_WARN_QUOTED_INCLUDE_IN_FRAMEWORK_HEADER = YES;
				CLANG_WARN_RANGE_LOOP_ANALYSIS = YES;
				CLANG_WARN_STRICT_PROTOTYPES = YES;
				CLANG_WARN_SUSPICIOUS_MOVE = YES;
				CLANG_WARN_UNGUARDED_AVAILABILITY = YES_AGGRESSIVE;
				CLANG_WARN_UNREACHABLE_CODE = YES;
				CLANG_WARN__DUPLICATE_METHOD_MATCH = YES;
				COPY_PHASE_STRIP = NO;
				DEBUG_INFORMATION_FORMAT = dwarf;
				ENABLE_STRICT_OBJC_MSGSEND = YES;
				ENABLE_TESTABILITY = YES;
				GCC_C_LANGUAGE_STANDARD = gnu11;
				GCC_DYNAMIC_NO_PIC = NO;
				GCC_NO_COMMON_BLOCKS = YES;
				GCC_OPTIMIZATION_LEVEL = 0;
				GCC_PREPROCESSOR_DEFINITIONS = (
					"DEBUG=1",
					"$(inherited)",
				);
				GCC_WARN_64_TO_32_BIT_CONVERSION = YES;
				GCC_WARN_ABOUT_RETURN_TYPE = YES_ERROR;
				GCC_WARN_UNDECLARED_SELECTOR = YES;
				GCC_WARN_UNINITIALIZED_AUTOS = YES_AGGRESSIVE;
				GCC_WARN_UNUSED_FUNCTION = YES;
				GCC_WARN_UNUSED_VARIABLE = YES;
				IPHONEOS_DEPLOYMENT_TARGET = 14.5;
				MTL_ENABLE_DEBUG_INFO = INCLUDE_SOURCE;
				MTL_FAST_MATH = YES;
				ONLY_ACTIVE_ARCH = YES;
				SDKROOT = iphoneos;
				SWIFT_ACTIVE_COMPILATION_CONDITIONS = DEBUG;
				SWIFT_OPTIMIZATION_LEVEL = "-Onone";
			};
			name = Debug;
		};
		23B02DD626EA7D43002B9491 /* Release */ = {
			isa = XCBuildConfiguration;
			buildSettings = {
				ALWAYS_SEARCH_USER_PATHS = NO;
				CLANG_ANALYZER_NONNULL = YES;
				CLANG_ANALYZER_NUMBER_OBJECT_CONVERSION = YES_AGGRESSIVE;
				CLANG_CXX_LANGUAGE_STANDARD = "gnu++14";
				CLANG_CXX_LIBRARY = "libc++";
				CLANG_ENABLE_MODULES = YES;
				CLANG_ENABLE_OBJC_ARC = YES;
				CLANG_ENABLE_OBJC_WEAK = YES;
				CLANG_WARN_BLOCK_CAPTURE_AUTORELEASING = YES;
				CLANG_WARN_BOOL_CONVERSION = YES;
				CLANG_WARN_COMMA = YES;
				CLANG_WARN_CONSTANT_CONVERSION = YES;
				CLANG_WARN_DEPRECATED_OBJC_IMPLEMENTATIONS = YES;
				CLANG_WARN_DIRECT_OBJC_ISA_USAGE = YES_ERROR;
				CLANG_WARN_DOCUMENTATION_COMMENTS = YES;
				CLANG_WARN_EMPTY_BODY = YES;
				CLANG_WARN_ENUM_CONVERSION = YES;
				CLANG_WARN_INFINITE_RECURSION = YES;
				CLANG_WARN_INT_CONVERSION = YES;
				CLANG_WARN_NON_LITERAL_NULL_CONVERSION = YES;
				CLANG_WARN_OBJC_IMPLICIT_RETAIN_SELF = YES;
				CLANG_WARN_OBJC_LITERAL_CONVERSION = YES;
				CLANG_WARN_OBJC_ROOT_CLASS = YES_ERROR;
				CLANG_WARN_QUOTED_INCLUDE_IN_FRAMEWORK_HEADER = YES;
				CLANG_WARN_RANGE_LOOP_ANALYSIS = YES;
				CLANG_WARN_STRICT_PROTOTYPES = YES;
				CLANG_WARN_SUSPICIOUS_MOVE = YES;
				CLANG_WARN_UNGUARDED_AVAILABILITY = YES_AGGRESSIVE;
				CLANG_WARN_UNREACHABLE_CODE = YES;
				CLANG_WARN__DUPLICATE_METHOD_MATCH = YES;
				COPY_PHASE_STRIP = NO;
				DEBUG_INFORMATION_FORMAT = "dwarf-with-dsym";
				ENABLE_NS_ASSERTIONS = NO;
				ENABLE_STRICT_OBJC_MSGSEND = YES;
				GCC_C_LANGUAGE_STANDARD = gnu11;
				GCC_NO_COMMON_BLOCKS = YES;
				GCC_WARN_64_TO_32_BIT_CONVERSION = YES;
				GCC_WARN_ABOUT_RETURN_TYPE = YES_ERROR;
				GCC_WARN_UNDECLARED_SELECTOR = YES;
				GCC_WARN_UNINITIALIZED_AUTOS = YES_AGGRESSIVE;
				GCC_WARN_UNUSED_FUNCTION = YES;
				GCC_WARN_UNUSED_VARIABLE = YES;
				IPHONEOS_DEPLOYMENT_TARGET = 14.5;
				MTL_ENABLE_DEBUG_INFO = NO;
				MTL_FAST_MATH = YES;
				SDKROOT = iphoneos;
				SWIFT_COMPILATION_MODE = wholemodule;
				SWIFT_OPTIMIZATION_LEVEL = "-O";
				VALIDATE_PRODUCT = YES;
			};
			name = Release;
		};
		23B02DD826EA7D43002B9491 /* Debug */ = {
			isa = XCBuildConfiguration;
			buildSettings = {
				ASSETCATALOG_COMPILER_APPICON_NAME = AppIcon;
				ASSETCATALOG_COMPILER_GLOBAL_ACCENT_COLOR_NAME = AccentColor;
				CODE_SIGN_STYLE = Automatic;
				DEVELOPMENT_TEAM = FB8VBS9VNG;
				INFOPLIST_FILE = "Exercise 1/Info.plist";
				LD_RUNPATH_SEARCH_PATHS = (
					"$(inherited)",
					"@executable_path/Frameworks",
				);
				PRODUCT_BUNDLE_IDENTIFIER = "Martin-Boyce.Exercise-1";
				PRODUCT_NAME = "$(TARGET_NAME)";
				SWIFT_VERSION = 5.0;
				TARGETED_DEVICE_FAMILY = "1,2";
			};
			name = Debug;
		};
		23B02DD926EA7D43002B9491 /* Release */ = {
			isa = XCBuildConfiguration;
			buildSettings = {
				ASSETCATALOG_COMPILER_APPICON_NAME = AppIcon;
				ASSETCATALOG_COMPILER_GLOBAL_ACCENT_COLOR_NAME = AccentColor;
				CODE_SIGN_STYLE = Automatic;
				DEVELOPMENT_TEAM = FB8VBS9VNG;
				INFOPLIST_FILE = "Exercise 1/Info.plist";
				LD_RUNPATH_SEARCH_PATHS = (
					"$(inherited)",
					"@executable_path/Frameworks",
				);
				PRODUCT_BUNDLE_IDENTIFIER = "Martin-Boyce.Exercise-1";
				PRODUCT_NAME = "$(TARGET_NAME)";
				SWIFT_VERSION = 5.0;
				TARGETED_DEVICE_FAMILY = "1,2";
			};
			name = Release;
		};
		23B02DDB26EA7D43002B9491 /* Debug */ = {
			isa = XCBuildConfiguration;
			buildSettings = {
				ALWAYS_EMBED_SWIFT_STANDARD_LIBRARIES = YES;
				BUNDLE_LOADER = "$(TEST_HOST)";
				CODE_SIGN_STYLE = Automatic;
				DEVELOPMENT_TEAM = FB8VBS9VNG;
				INFOPLIST_FILE = "Exercise 1Tests/Info.plist";
				IPHONEOS_DEPLOYMENT_TARGET = 14.5;
				LD_RUNPATH_SEARCH_PATHS = (
					"$(inherited)",
					"@executable_path/Frameworks",
					"@loader_path/Frameworks",
				);
				PRODUCT_BUNDLE_IDENTIFIER = "Martin-Boyce.Exercise-1Tests";
				PRODUCT_NAME = "$(TARGET_NAME)";
				SWIFT_VERSION = 5.0;
				TARGETED_DEVICE_FAMILY = "1,2";
				TEST_HOST = "$(BUILT_PRODUCTS_DIR)/Exercise 1.app/Exercise 1";
			};
			name = Debug;
		};
		23B02DDC26EA7D43002B9491 /* Release */ = {
			isa = XCBuildConfiguration;
			buildSettings = {
				ALWAYS_EMBED_SWIFT_STANDARD_LIBRARIES = YES;
				BUNDLE_LOADER = "$(TEST_HOST)";
				CODE_SIGN_STYLE = Automatic;
				DEVELOPMENT_TEAM = FB8VBS9VNG;
				INFOPLIST_FILE = "Exercise 1Tests/Info.plist";
				IPHONEOS_DEPLOYMENT_TARGET = 14.5;
				LD_RUNPATH_SEARCH_PATHS = (
					"$(inherited)",
					"@executable_path/Frameworks",
					"@loader_path/Frameworks",
				);
				PRODUCT_BUNDLE_IDENTIFIER = "Martin-Boyce.Exercise-1Tests";
				PRODUCT_NAME = "$(TARGET_NAME)";
				SWIFT_VERSION = 5.0;
				TARGETED_DEVICE_FAMILY = "1,2";
				TEST_HOST = "$(BUILT_PRODUCTS_DIR)/Exercise 1.app/Exercise 1";
			};
			name = Release;
		};
		23B02DDE26EA7D43002B9491 /* Debug */ = {
			isa = XCBuildConfiguration;
			buildSettings = {
				ALWAYS_EMBED_SWIFT_STANDARD_LIBRARIES = YES;
				CODE_SIGN_STYLE = Automatic;
				DEVELOPMENT_TEAM = FB8VBS9VNG;
				INFOPLIST_FILE = "Exercise 1UITests/Info.plist";
				LD_RUNPATH_SEARCH_PATHS = (
					"$(inherited)",
					"@executable_path/Frameworks",
					"@loader_path/Frameworks",
				);
				PRODUCT_BUNDLE_IDENTIFIER = "Martin-Boyce.Exercise-1UITests";
				PRODUCT_NAME = "$(TARGET_NAME)";
				SWIFT_VERSION = 5.0;
				TARGETED_DEVICE_FAMILY = "1,2";
				TEST_TARGET_NAME = "Exercise 1";
			};
			name = Debug;
		};
		23B02DDF26EA7D43002B9491 /* Release */ = {
			isa = XCBuildConfiguration;
			buildSettings = {
				ALWAYS_EMBED_SWIFT_STANDARD_LIBRARIES = YES;
				CODE_SIGN_STYLE = Automatic;
				DEVELOPMENT_TEAM = FB8VBS9VNG;
				INFOPLIST_FILE = "Exercise 1UITests/Info.plist";
				LD_RUNPATH_SEARCH_PATHS = (
					"$(inherited)",
					"@executable_path/Frameworks",
					"@loader_path/Frameworks",
				);
				PRODUCT_BUNDLE_IDENTIFIER = "Martin-Boyce.Exercise-1UITests";
				PRODUCT_NAME = "$(TARGET_NAME)";
				SWIFT_VERSION = 5.0;
				TARGETED_DEVICE_FAMILY = "1,2";
				TEST_TARGET_NAME = "Exercise 1";
			};
			name = Release;
		};
/* End XCBuildConfiguration section */

/* Begin XCConfigurationList section */
		23B02DA826EA7D42002B9491 /* Build configuration list for PBXProject "Exercise 1" */ = {
			isa = XCConfigurationList;
			buildConfigurations = (
				23B02DD526EA7D43002B9491 /* Debug */,
				23B02DD626EA7D43002B9491 /* Release */,
			);
			defaultConfigurationIsVisible = 0;
			defaultConfigurationName = Release;
		};
		23B02DD726EA7D43002B9491 /* Build configuration list for PBXNativeTarget "Exercise 1" */ = {
			isa = XCConfigurationList;
			buildConfigurations = (
				23B02DD826EA7D43002B9491 /* Debug */,
				23B02DD926EA7D43002B9491 /* Release */,
			);
			defaultConfigurationIsVisible = 0;
			defaultConfigurationName = Release;
		};
		23B02DDA26EA7D43002B9491 /* Build configuration list for PBXNativeTarget "Exercise 1Tests" */ = {
			isa = XCConfigurationList;
			buildConfigurations = (
				23B02DDB26EA7D43002B9491 /* Debug */,
				23B02DDC26EA7D43002B9491 /* Release */,
			);
			defaultConfigurationIsVisible = 0;
			defaultConfigurationName = Release;
		};
		23B02DDD26EA7D43002B9491 /* Build configuration list for PBXNativeTarget "Exercise 1UITests" */ = {
			isa = XCConfigurationList;
			buildConfigurations = (
				23B02DDE26EA7D43002B9491 /* Debug */,
				23B02DDF26EA7D43002B9491 /* Release */,
			);
			defaultConfigurationIsVisible = 0;
			defaultConfigurationName = Release;
		};
/* End XCConfigurationList section */
	};
	rootObject = 23B02DA526EA7D42002B9491 /* Project object */;
}
